
Microsoft Visual Studio Solution File, Format Version 12.00
# Visual Studio Version 17
VisualStudioVersion = 17.4.33122.133
MinimumVisualStudioVersion = 10.0.40219.1
Project("{FAE04EC0-301F-11D3-BF4B-00C04F79EFBC}") = "BankingUnitTests", "BankingUnitTests\BankingUnitTests.csproj", "{975AC9CB-D146-4D79-AB4E-421EF5D9BA2D}"
EndProject
Project("{FAE04EC0-301F-11D3-BF4B-00C04F79EFBC}") = "BankingDomain", "BankingDomain\BankingDomain.csproj", "{34BDC73B-DBEA-48E2-95D3-B7F3F2CEF42E}"
EndProject
Global
	GlobalSection(SolutionConfigurationPlatforms) = preSolution
		Debug|Any CPU = Debug|Any CPU
		Release|Any CPU = Release|Any CPU
	EndGlobalSection
	GlobalSection(ProjectConfigurationPlatforms) = postSolution
		{975AC9CB-D146-4D79-AB4E-421EF5D9BA2D}.Debug|Any CPU.ActiveCfg = Debug|Any CPU
		{975AC9CB-D146-4D79-AB4E-421EF5D9BA2D}.Debug|Any CPU.Build.0 = Debug|Any CPU
		{975AC9CB-D146-4D79-AB4E-421EF5D9BA2D}.Release|Any CPU.ActiveCfg = Release|Any CPU
		{975AC9CB-D146-4D79-AB4E-421EF5D9BA2D}.Release|Any CPU.Build.0 = Release|Any CPU
		{34BDC73B-DBEA-48E2-95D3-B7F3F2CEF42E}.Debug|Any CPU.ActiveCfg = Debug|Any CPU
		{34BDC73B-DBEA-48E2-95D3-B7F3F2CEF42E}.Debug|Any CPU.Build.0 = Debug|Any CPU
		{34BDC73B-DBEA-48E2-95D3-B7F3F2CEF42E}.Release|Any CPU.ActiveCfg = Release|Any CPU
		{34BDC73B-DBEA-48E2-95D3-B7F3F2CEF42E}.Release|Any CPU.Build.0 = Release|Any CPU
	EndGlobalSection
	GlobalSection(SolutionProperties) = preSolution
		HideSolutionNode = FALSE
	EndGlobalSection
	GlobalSection(ExtensibilityGlobals) = postSolution
		SolutionGuid = {C40F31BC-12AD-4BD0-89F5-9261FA677E21}
	EndGlobalSection
EndGlobal
