
Microsoft Visual Studio Solution File, Format Version 12.00
# Visual Studio Version 17
VisualStudioVersion = 17.4.33122.133
MinimumVisualStudioVersion = 10.0.40219.1
Project("{FAE04EC0-301F-11D3-BF4B-00C04F79EFBC}") = "BowlingScores", "BowlingScores\BowlingScores.csproj", "{51BFDFA5-B570-4B32-9144-CD1DDD91F45C}"
EndProject
Project("{FAE04EC0-301F-11D3-BF4B-00C04F79EFBC}") = "BowlingScoresTests", "BowlingScoresTests\BowlingScoresTests.csproj", "{0401DFA1-2EB6-4B7C-8795-CFCCFD36B401}"
EndProject
Global
	GlobalSection(SolutionConfigurationPlatforms) = preSolution
		Debug|Any CPU = Debug|Any CPU
		Release|Any CPU = Release|Any CPU
	EndGlobalSection
	GlobalSection(ProjectConfigurationPlatforms) = postSolution
		{51BFDFA5-B570-4B32-9144-CD1DDD91F45C}.Debug|Any CPU.ActiveCfg = Debug|Any CPU
		{51BFDFA5-B570-4B32-9144-CD1DDD91F45C}.Debug|Any CPU.Build.0 = Debug|Any CPU
		{51BFDFA5-B570-4B32-9144-CD1DDD91F45C}.Release|Any CPU.ActiveCfg = Release|Any CPU
		{51BFDFA5-B570-4B32-9144-CD1DDD91F45C}.Release|Any CPU.Build.0 = Release|Any CPU
		{0401DFA1-2EB6-4B7C-8795-CFCCFD36B401}.Debug|Any CPU.ActiveCfg = Debug|Any CPU
		{0401DFA1-2EB6-4B7C-8795-CFCCFD36B401}.Debug|Any CPU.Build.0 = Debug|Any CPU
		{0401DFA1-2EB6-4B7C-8795-CFCCFD36B401}.Release|Any CPU.ActiveCfg = Release|Any CPU
		{0401DFA1-2EB6-4B7C-8795-CFCCFD36B401}.Release|Any CPU.Build.0 = Release|Any CPU
	EndGlobalSection
	GlobalSection(SolutionProperties) = preSolution
		HideSolutionNode = FALSE
	EndGlobalSection
	GlobalSection(ExtensibilityGlobals) = postSolution
		SolutionGuid = {833F3707-F086-4CEB-B65F-457CB9943CA3}
	EndGlobalSection
EndGlobal
